{
  "requires": true,
  "lockfileVersion": 1,
  "dependencies": {
    "@fortawesome/fontawesome-free": {
      "version": "5.13.1",
      "resolved": "https://registry.npmjs.org/@fortawesome/fontawesome-free/-/fontawesome-free-5.13.1.tgz",
      "integrity": "sha512-D819f34FLHeBN/4xvw0HR0u7U2G7RqjPSggXqf7LktsxWQ48VAfGwvMrhcVuaZV2fF069c/619RdgCCms0DHhw=="
    },
    "angular": {
      "version": "1.8.0",
      "resolved": "https://registry.npmjs.org/angular/-/angular-1.8.0.tgz",
      "integrity": "sha512-VdaMx+Qk0Skla7B5gw77a8hzlcOakwF8mjlW13DpIWIDlfqwAbSSLfd8N/qZnzEmQF4jC4iofInd3gE7vL8ZZg=="
    },
    "angular-file-upload": {
      "version": "2.6.0",
      "resolved": "https://registry.npmjs.org/angular-file-upload/-/angular-file-upload-2.6.0.tgz",
      "integrity": "sha512-VFIWjTyKXp2CQ5QtYJ/Zaf4Z6BQSZW3A7HVrte1mxQAxp0dJ5RvlR4lyCpbxML37MCgNuHzS9CxboG2lP62ldw=="
    },
    "angular-sanitize": {
      "version": "1.8.0",
      "resolved": "https://registry.npmjs.org/angular-sanitize/-/angular-sanitize-1.8.0.tgz",
      "integrity": "sha512-j5GiOPCvfcDWK5svEOVoPb11X3UDVy/mdHPRWuy14Iyw86xaq+Bb+x/em2sAOa5MQQeY5ciLXbF3RRp8iCKcNg=="
    },
    "bootstrap": {
      "version": "4.5.0",
      "resolved": "https://registry.npmjs.org/bootstrap/-/bootstrap-4.5.0.tgz",
      "integrity": "sha512-Z93QoXvodoVslA+PWNdk23Hze4RBYIkpb5h8I2HY2Tu2h7A0LpAgLcyrhrSUyo2/Oxm2l1fRZPs1e5hnxnliXA=="
    },
    "debug": {
      "version": "3.1.0",
      "resolved": "https://registry.npmjs.org/debug/-/debug-3.1.0.tgz",
      "integrity": "sha512-OX8XqP7/1a9cqkxYw2yXss15f26NKWBpDXQd0/uK/KPqdQhxbPa994hnzjcE2VqQpDslf55723cKPUOGSmMY3g==",
      "requires": {
        "ms": "2.0.0"
      }
    },
    "jquery": {
      "version": "3.5.1",
      "resolved": "https://registry.npmjs.org/jquery/-/jquery-3.5.1.tgz",
      "integrity": "sha512-XwIBPqcMn57FxfT+Go5pzySnm4KWkT1Tv7gjrpT1srtf8Weynl6R273VJ5GjkRb51IzMp5nbaPjJXMWeju2MKg=="
    },
    "jquery-slim": {
      "version": "3.0.0",
      "resolved": "https://registry.npmjs.org/jquery-slim/-/jquery-slim-3.0.0.tgz",
      "integrity": "sha1-h6svoQUBeY6TEkpLXrlTyFN5cH4="
    },
    "ms": {
      "version": "2.0.0",
      "resolved": "https://registry.npmjs.org/ms/-/ms-2.0.0.tgz",
      "integrity": "sha1-VgiurfwAvmwpAd9fmGF4jeDVl8g="
    },
    "ng-notify": {
      "version": "0.7.1",
      "resolved": "https://registry.npmjs.org/ng-notify/-/ng-notify-0.7.1.tgz",
      "integrity": "sha1-EYhFmfwXQ8bxbV5rDM9r8i5Dmqk="
    },
    "popper.js": {
      "version": "1.14.7",
      "resolved": "https://registry.npmjs.org/popper.js/-/popper.js-1.14.7.tgz",
      "integrity": "sha512-4q1hNvoUre/8srWsH7hnoSJ5xVmIL4qgz+s4qf2TnJIMyZFUFMGH+9vE7mXynAlHSZ/NdTmmow86muD0myUkVQ=="
    },
    "svg-country-flags": {
      "version": "1.2.7",
      "resolved": "https://registry.npmjs.org/svg-country-flags/-/svg-country-flags-1.2.7.tgz",
      "integrity": "sha512-23/PTK1CWeFFnL4S7IBI8/vok6uE1qZBZrh6avn5J3XbQmw0NUHpOBRC0HEe7y80YbTOrOqu81IaCC030h74qQ=="
    }
  }
}
